
Microsoft Visual Studio Solution File, Format Version 12.00
# Visual Studio Version 17
VisualStudioVersion = 17.0.31903.59
MinimumVisualStudioVersion = 10.0.40219.1
Project("{FAE04EC0-301F-11D3-BF4B-00C04F79EFBC}") = "Zoom", "Zoom\Zoom.csproj", "{A469AFD0-6799-419D-BDC2-D09B7BD9097E}"
EndProject
Project("{2150E333-8FDC-42A3-9474-1A3956D46DE8}") = "zomlib", "zomlib", "{CE65791F-A163-4830-A246-064B1A373D17}"
EndProject
Project("{FAE04EC0-301F-11D3-BF4B-00C04F79EFBC}") = "Commands", "zomlib\Commands\Commands.csproj", "{C05997BE-4D00-42DE-8BFC-B8E41D8CB60A}"
EndProject
Project("{FAE04EC0-301F-11D3-BF4B-00C04F79EFBC}") = "Zomlib", "zomlib\Common\Zomlib.csproj", "{31B6F190-93F0-45B0-A8D6-4C373C18FC72}"
EndProject
Global
	GlobalSection(SolutionConfigurationPlatforms) = preSolution
		Debug|Any CPU = Debug|Any CPU
		Release|Any CPU = Release|Any CPU
	EndGlobalSection
	GlobalSection(SolutionProperties) = preSolution
		HideSolutionNode = FALSE
	EndGlobalSection
	GlobalSection(ProjectConfigurationPlatforms) = postSolution
		{A469AFD0-6799-419D-BDC2-D09B7BD9097E}.Debug|Any CPU.ActiveCfg = Debug|Any CPU
		{A469AFD0-6799-419D-BDC2-D09B7BD9097E}.Debug|Any CPU.Build.0 = Debug|Any CPU
		{A469AFD0-6799-419D-BDC2-D09B7BD9097E}.Release|Any CPU.ActiveCfg = Release|Any CPU
		{A469AFD0-6799-419D-BDC2-D09B7BD9097E}.Release|Any CPU.Build.0 = Release|Any CPU
		{C05997BE-4D00-42DE-8BFC-B8E41D8CB60A}.Debug|Any CPU.ActiveCfg = Debug|Any CPU
		{C05997BE-4D00-42DE-8BFC-B8E41D8CB60A}.Debug|Any CPU.Build.0 = Debug|Any CPU
		{C05997BE-4D00-42DE-8BFC-B8E41D8CB60A}.Release|Any CPU.ActiveCfg = Release|Any CPU
		{C05997BE-4D00-42DE-8BFC-B8E41D8CB60A}.Release|Any CPU.Build.0 = Release|Any CPU
		{31B6F190-93F0-45B0-A8D6-4C373C18FC72}.Debug|Any CPU.ActiveCfg = Debug|Any CPU
		{31B6F190-93F0-45B0-A8D6-4C373C18FC72}.Debug|Any CPU.Build.0 = Debug|Any CPU
		{31B6F190-93F0-45B0-A8D6-4C373C18FC72}.Release|Any CPU.ActiveCfg = Release|Any CPU
		{31B6F190-93F0-45B0-A8D6-4C373C18FC72}.Release|Any CPU.Build.0 = Release|Any CPU
	EndGlobalSection
	GlobalSection(NestedProjects) = preSolution
		{C05997BE-4D00-42DE-8BFC-B8E41D8CB60A} = {CE65791F-A163-4830-A246-064B1A373D17}
		{31B6F190-93F0-45B0-A8D6-4C373C18FC72} = {CE65791F-A163-4830-A246-064B1A373D17}
	EndGlobalSection
EndGlobal
